// !$*UTF8*$!
{
	archiveVersion = 1;
	classes = {
	};
	objectVersion = 50;
	objects = {

/* Begin PBXBuildFile section */
		C107DB1024AE66270023435D /* GridLayout.swift in Sources */ = {isa = PBXBuildFile; fileRef = C107DB0F24AE66270023435D /* GridLayout.swift */; };
		C107DB1224AE6BC10023435D /* Array+Identifiable.swift in Sources */ = {isa = PBXBuildFile; fileRef = C107DB1124AE6BC10023435D /* Array+Identifiable.swift */; };
		C117FF4124B9191300889BD3 /* Pie.swift in Sources */ = {isa = PBXBuildFile; fileRef = C117FF4024B9191300889BD3 /* Pie.swift */; };
		C117FF4324B91EB200889BD3 /* Cardify.swift in Sources */ = {isa = PBXBuildFile; fileRef = C117FF4224B91EB200889BD3 /* Cardify.swift */; };
		C158838324B63EB0005B80A2 /* Theme.swift in Sources */ = {isa = PBXBuildFile; fileRef = C158838224B63EB0005B80A2 /* Theme.swift */; };
		C1BDA8D524A962120096C7D4 /* AppDelegate.swift in Sources */ = {isa = PBXBuildFile; fileRef = C1BDA8D424A962120096C7D4 /* AppDelegate.swift */; };
		C1BDA8D724A962120096C7D4 /* SceneDelegate.swift in Sources */ = {isa = PBXBuildFile; fileRef = C1BDA8D624A962120096C7D4 /* SceneDelegate.swift */; };
		C1BDA8D924A962120096C7D4 /* EmojiMemoryGameView.swift in Sources */ = {isa = PBXBuildFile; fileRef = C1BDA8D824A962120096C7D4 /* EmojiMemoryGameView.swift */; };
		C1BDA8DB24A962140096C7D4 /* Assets.xcassets in Resources */ = {isa = PBXBuildFile; fileRef = C1BDA8DA24A962140096C7D4 /* Assets.xcassets */; };
		C1BDA8DE24A962140096C7D4 /* Preview Assets.xcassets in Resources */ = {isa = PBXBuildFile; fileRef = C1BDA8DD24A962140096C7D4 /* Preview Assets.xcassets */; };
		C1BDA8E124A962140096C7D4 /* LaunchScreen.storyboard in Resources */ = {isa = PBXBuildFile; fileRef = C1BDA8DF24A962140096C7D4 /* LaunchScreen.storyboard */; };
		C1BDA8ED24AC42C10096C7D4 /* EmojiMemoryGame.swift in Sources */ = {isa = PBXBuildFile; fileRef = C1BDA8EC24AC42C10096C7D4 /* EmojiMemoryGame.swift */; };
		C1BDA8F124AC4F9D0096C7D4 /* MemoryGame.swift in Sources */ = {isa = PBXBuildFile; fileRef = C1BDA8F024AC4F9D0096C7D4 /* MemoryGame.swift */; };
		C1BDA8F324AE63C30096C7D4 /* Grid.swift in Sources */ = {isa = PBXBuildFile; fileRef = C1BDA8F224AE63C30096C7D4 /* Grid.swift */; };
		C1C5667024EA671A0077D9AF /* UIColor+RGBA.swift in Sources */ = {isa = PBXBuildFile; fileRef = C1C5666F24EA671A0077D9AF /* UIColor+RGBA.swift */; };
		C1DDE89524B04D1D0082B373 /* Array+Only.swift in Sources */ = {isa = PBXBuildFile; fileRef = C1DDE89424B04D1D0082B373 /* Array+Only.swift */; };
/* End PBXBuildFile section */

/* Begin PBXFileReference section */
		C107DB0F24AE66270023435D /* GridLayout.swift */ = {isa = PBXFileReference; fileEncoding = 4; lastKnownFileType = sourcecode.swift; path = GridLayout.swift; sourceTree = "<group>"; };
		C107DB1124AE6BC10023435D /* Array+Identifiable.swift */ = {isa = PBXFileReference; fileEncoding = 4; lastKnownFileType = sourcecode.swift; path = "Array+Identifiable.swift"; sourceTree = SOURCE_ROOT; };
		C117FF4024B9191300889BD3 /* Pie.swift */ = {isa = PBXFileReference; lastKnownFileType = sourcecode.swift; path = Pie.swift; sourceTree = "<group>"; };
		C117FF4224B91EB200889BD3 /* Cardify.swift */ = {isa = PBXFileReference; lastKnownFileType = sourcecode.swift; path = Cardify.swift; sourceTree = "<group>"; };
		C158838224B63EB0005B80A2 /* Theme.swift */ = {isa = PBXFileReference; lastKnownFileType = sourcecode.swift; path = Theme.swift; sourceTree = "<group>"; };
		C1BDA8D124A962120096C7D4 /* Memorize.app */ = {isa = PBXFileReference; explicitFileType = wrapper.application; includeInIndex = 0; path = Memorize.app; sourceTree = BUILT_PRODUCTS_DIR; };
		C1BDA8D424A962120096C7D4 /* AppDelegate.swift */ = {isa = PBXFileReference; lastKnownFileType = sourcecode.swift; path = AppDelegate.swift; sourceTree = "<group>"; };
		C1BDA8D624A962120096C7D4 /* SceneDelegate.swift */ = {isa = PBXFileReference; lastKnownFileType = sourcecode.swift; path = SceneDelegate.swift; sourceTree = "<group>"; };
		C1BDA8D824A962120096C7D4 /* EmojiMemoryGameView.swift */ = {isa = PBXFileReference; lastKnownFileType = sourcecode.swift; path = EmojiMemoryGameView.swift; sourceTree = "<group>"; };
		C1BDA8DA24A962140096C7D4 /* Assets.xcassets */ = {isa = PBXFileReference; lastKnownFileType = folder.assetcatalog; path = Assets.xcassets; sourceTree = "<group>"; };
		C1BDA8DD24A962140096C7D4 /* Preview Assets.xcassets */ = {isa = PBXFileReference; lastKnownFileType = folder.assetcatalog; path = "Preview Assets.xcassets"; sourceTree = "<group>"; };
		C1BDA8E024A962140096C7D4 /* Base */ = {isa = PBXFileReference; lastKnownFileType = file.storyboard; name = Base; path = Base.lproj/LaunchScreen.storyboard; sourceTree = "<group>"; };
		C1BDA8E224A962140096C7D4 /* Info.plist */ = {isa = PBXFileReference; lastKnownFileType = text.plist.xml; path = Info.plist; sourceTree = "<group>"; };
		C1BDA8EC24AC42C10096C7D4 /* EmojiMemoryGame.swift */ = {isa = PBXFileReference; lastKnownFileType = sourcecode.swift; path = EmojiMemoryGame.swift; sourceTree = "<group>"; };
		C1BDA8F024AC4F9D0096C7D4 /* MemoryGame.swift */ = {isa = PBXFileReference; lastKnownFileType = sourcecode.swift; path = MemoryGame.swift; sourceTree = "<group>"; };
		C1BDA8F224AE63C30096C7D4 /* Grid.swift */ = {isa = PBXFileReference; lastKnownFileType = sourcecode.swift; path = Grid.swift; sourceTree = "<group>"; };
		C1C5666F24EA671A0077D9AF /* UIColor+RGBA.swift */ = {isa = PBXFileReference; lastKnownFileType = sourcecode.swift; path = "UIColor+RGBA.swift"; sourceTree = "<group>"; };
		C1DDE89424B04D1D0082B373 /* Array+Only.swift */ = {isa = PBXFileReference; lastKnownFileType = sourcecode.swift; path = "Array+Only.swift"; sourceTree = "<group>"; };
/* End PBXFileReference section */

/* Begin PBXFrameworksBuildPhase section */
		C1BDA8CE24A962120096C7D4 /* Frameworks */ = {
			isa = PBXFrameworksBuildPhase;
			buildActionMask = 2147483647;
			files = (
			);
			runOnlyForDeploymentPostprocessing = 0;
		};
/* End PBXFrameworksBuildPhase section */

/* Begin PBXGroup section */
		C1BDA8C824A962120096C7D4 = {
			isa = PBXGroup;
			children = (
				C1BDA8D324A962120096C7D4 /* Memorize */,
				C1BDA8D224A962120096C7D4 /* Products */,
			);
			sourceTree = "<group>";
		};
		C1BDA8D224A962120096C7D4 /* Products */ = {
			isa = PBXGroup;
			children = (
				C1BDA8D124A962120096C7D4 /* Memorize.app */,
			);
			name = Products;
			sourceTree = "<group>";
		};
		C1BDA8D324A962120096C7D4 /* Memorize */ = {
			isa = PBXGroup;
			children = (
				C107DB1124AE6BC10023435D /* Array+Identifiable.swift */,
				C1DDE89424B04D1D0082B373 /* Array+Only.swift */,
				C1BDA8EC24AC42C10096C7D4 /* EmojiMemoryGame.swift */,
				C1BDA8D824A962120096C7D4 /* EmojiMemoryGameView.swift */,
				C158838224B63EB0005B80A2 /* Theme.swift */,
				C1C5666F24EA671A0077D9AF /* UIColor+RGBA.swift */,
				C1BDA8F224AE63C30096C7D4 /* Grid.swift */,
				C107DB0F24AE66270023435D /* GridLayout.swift */,
				C1BDA8F024AC4F9D0096C7D4 /* MemoryGame.swift */,
				C1BDA8D624A962120096C7D4 /* SceneDelegate.swift */,
				C1BDA8D424A962120096C7D4 /* AppDelegate.swift */,
				C1BDA8DA24A962140096C7D4 /* Assets.xcassets */,
				C1BDA8DF24A962140096C7D4 /* LaunchScreen.storyboard */,
				C1BDA8E224A962140096C7D4 /* Info.plist */,
				C1BDA8DC24A962140096C7D4 /* Preview Content */,
				C117FF4024B9191300889BD3 /* Pie.swift */,
				C117FF4224B91EB200889BD3 /* Cardify.swift */,
			);
			path = Memorize;
			sourceTree = "<group>";
		};
		C1BDA8DC24A962140096C7D4 /* Preview Content */ = {
			isa = PBXGroup;
			children = (
				C1BDA8DD24A962140096C7D4 /* Preview Assets.xcassets */,
			);
			path = "Preview Content";
			sourceTree = "<group>";
		};
/* End PBXGroup section */

/* Begin PBXNativeTarget section */
		C1BDA8D024A962120096C7D4 /* Memorize */ = {
			isa = PBXNativeTarget;
			buildConfigurationList = C1BDA8E524A962140096C7D4 /* Build configuration list for PBXNativeTarget "Memorize" */;
			buildPhases = (
				C1BDA8CD24A962120096C7D4 /* Sources */,
				C1BDA8CE24A962120096C7D4 /* Frameworks */,
				C1BDA8CF24A962120096C7D4 /* Resources */,
			);
			buildRules = (
			);
			dependencies = (
			);
			name = Memorize;
			productName = Memorize;
			productReference = C1BDA8D124A962120096C7D4 /* Memorize.app */;
			productType = "com.apple.product-type.application";
		};
/* End PBXNativeTarget section */

/* Begin PBXProject section */
		C1BDA8C924A962120096C7D4 /* Project object */ = {
			isa = PBXProject;
			attributes = {
				LastSwiftUpdateCheck = 1150;
				LastUpgradeCheck = 1150;
				ORGANIZATIONNAME = "Giang Nguyen";
				TargetAttributes = {
					C1BDA8D024A962120096C7D4 = {
						CreatedOnToolsVersion = 11.5;
					};
				};
			};
			buildConfigurationList = C1BDA8CC24A962120096C7D4 /* Build configuration list for PBXProject "Memorize" */;
			compatibilityVersion = "Xcode 9.3";
			developmentRegion = en;
			hasScannedForEncodings = 0;
			knownRegions = (
				en,
				Base,
			);
			mainGroup = C1BDA8C824A962120096C7D4;
			productRefGroup = C1BDA8D224A962120096C7D4 /* Products */;
			projectDirPath = "";
			projectRoot = "";
			targets = (
				C1BDA8D024A962120096C7D4 /* Memorize */,
			);
		};
/* End PBXProject section */

/* Begin PBXResourcesBuildPhase section */
		C1BDA8CF24A962120096C7D4 /* Resources */ = {
			isa = PBXResourcesBuildPhase;
			buildActionMask = 2147483647;
			files = (
				C1BDA8E124A962140096C7D4 /* LaunchScreen.storyboard in Resources */,
				C1BDA8DE24A962140096C7D4 /* Preview Assets.xcassets in Resources */,
				C1BDA8DB24A962140096C7D4 /* Assets.xcassets in Resources */,
			);
			runOnlyForDeploymentPostprocessing = 0;
		};
/* End PBXResourcesBuildPhase section */

/* Begin PBXSourcesBuildPhase section */
		C1BDA8CD24A962120096C7D4 /* Sources */ = {
			isa = PBXSourcesBuildPhase;
			buildActionMask = 2147483647;
			files = (
				C1BDA8D524A962120096C7D4 /* AppDelegate.swift in Sources */,
				C1BDA8D724A962120096C7D4 /* SceneDelegate.swift in Sources */,
				C1BDA8F124AC4F9D0096C7D4 /* MemoryGame.swift in Sources */,
				C1DDE89524B04D1D0082B373 /* Array+Only.swift in Sources */,
				C1BDA8D924A962120096C7D4 /* EmojiMemoryGameView.swift in Sources */,
				C1BDA8ED24AC42C10096C7D4 /* EmojiMemoryGame.swift in Sources */,
				C1C5667024EA671A0077D9AF /* UIColor+RGBA.swift in Sources */,
				C117FF4324B91EB200889BD3 /* Cardify.swift in Sources */,
				C107DB1224AE6BC10023435D /* Array+Identifiable.swift in Sources */,
				C158838324B63EB0005B80A2 /* Theme.swift in Sources */,
				C117FF4124B9191300889BD3 /* Pie.swift in Sources */,
				C107DB1024AE66270023435D /* GridLayout.swift in Sources */,
				C1BDA8F324AE63C30096C7D4 /* Grid.swift in Sources */,
			);
			runOnlyForDeploymentPostprocessing = 0;
		};
/* End PBXSourcesBuildPhase section */

/* Begin PBXVariantGroup section */
		C1BDA8DF24A962140096C7D4 /* LaunchScreen.storyboard */ = {
			isa = PBXVariantGroup;
			children = (
				C1BDA8E024A962140096C7D4 /* Base */,
			);
			name = LaunchScreen.storyboard;
			sourceTree = "<group>";
		};
/* End PBXVariantGroup section */

/* Begin XCBuildConfiguration section */
		C1BDA8E324A962140096C7D4 /* Debug */ = {
			isa = XCBuildConfiguration;
			buildSettings = {
				ALWAYS_SEARCH_USER_PATHS = NO;
				CLANG_ANALYZER_NONNULL = YES;
				CLANG_ANALYZER_NUMBER_OBJECT_CONVERSION = YES_AGGRESSIVE;
				CLANG_CXX_LANGUAGE_STANDARD = "gnu++14";
				CLANG_CXX_LIBRARY = "libc++";
				CLANG_ENABLE_MODULES = YES;
				CLANG_ENABLE_OBJC_ARC = YES;
				CLANG_ENABLE_OBJC_WEAK = YES;
				CLANG_WARN_BLOCK_CAPTURE_AUTORELEASING = YES;
				CLANG_WARN_BOOL_CONVERSION = YES;
				CLANG_WARN_COMMA = YES;
				CLANG_WARN_CONSTANT_CONVERSION = YES;
				CLANG_WARN_DEPRECATED_OBJC_IMPLEMENTATIONS = YES;
				CLANG_WARN_DIRECT_OBJC_ISA_USAGE = YES_ERROR;
				CLANG_WARN_DOCUMENTATION_COMMENTS = YES;
				CLANG_WARN_EMPTY_BODY = YES;
				CLANG_WARN_ENUM_CONVERSION = YES;
				CLANG_WARN_INFINITE_RECURSION = YES;
				CLANG_WARN_INT_CONVERSION = YES;
				CLANG_WARN_NON_LITERAL_NULL_CONVERSION = YES;
				CLANG_WARN_OBJC_IMPLICIT_RETAIN_SELF = YES;
				CLANG_WARN_OBJC_LITERAL_CONVERSION = YES;
				CLANG_WARN_OBJC_ROOT_CLASS = YES_ERROR;
				CLANG_WARN_RANGE_LOOP_ANALYSIS = YES;
				CLANG_WARN_STRICT_PROTOTYPES = YES;
				CLANG_WARN_SUSPICIOUS_MOVE = YES;
				CLANG_WARN_UNGUARDED_AVAILABILITY = YES_AGGRESSIVE;
				CLANG_WARN_UNREACHABLE_CODE = YES;
				CLANG_WARN__DUPLICATE_METHOD_MATCH = YES;
				COPY_PHASE_STRIP = NO;
				DEBUG_INFORMATION_FORMAT = dwarf;
				ENABLE_STRICT_OBJC_MSGSEND = YES;
				ENABLE_TESTABILITY = YES;
				GCC_C_LANGUAGE_STANDARD = gnu11;
				GCC_DYNAMIC_NO_PIC = NO;
				GCC_NO_COMMON_BLOCKS = YES;
				GCC_OPTIMIZATION_LEVEL = 0;
				GCC_PREPROCESSOR_DEFINITIONS = (
					"DEBUG=1",
					"$(inherited)",
				);
				GCC_WARN_64_TO_32_BIT_CONVERSION = YES;
				GCC_WARN_ABOUT_RETURN_TYPE = YES_ERROR;
				GCC_WARN_UNDECLARED_SELECTOR = YES;
				GCC_WARN_UNINITIALIZED_AUTOS = YES_AGGRESSIVE;
				GCC_WARN_UNUSED_FUNCTION = YES;
				GCC_WARN_UNUSED_VARIABLE = YES;
				IPHONEOS_DEPLOYMENT_TARGET = 13.5;
				MTL_ENABLE_DEBUG_INFO = INCLUDE_SOURCE;
				MTL_FAST_MATH = YES;
				ONLY_ACTIVE_ARCH = YES;
				SDKROOT = iphoneos;
				SWIFT_ACTIVE_COMPILATION_CONDITIONS = DEBUG;
				SWIFT_OPTIMIZATION_LEVEL = "-Onone";
			};
			name = Debug;
		};
		C1BDA8E424A962140096C7D4 /* Release */ = {
			isa = XCBuildConfiguration;
			buildSettings = {
				ALWAYS_SEARCH_USER_PATHS = NO;
				CLANG_ANALYZER_NONNULL = YES;
				CLANG_ANALYZER_NUMBER_OBJECT_CONVERSION = YES_AGGRESSIVE;
				CLANG_CXX_LANGUAGE_STANDARD = "gnu++14";
				CLANG_CXX_LIBRARY = "libc++";
				CLANG_ENABLE_MODULES = YES;
				CLANG_ENABLE_OBJC_ARC = YES;
				CLANG_ENABLE_OBJC_WEAK = YES;
				CLANG_WARN_BLOCK_CAPTURE_AUTORELEASING = YES;
				CLANG_WARN_BOOL_CONVERSION = YES;
				CLANG_WARN_COMMA = YES;
				CLANG_WARN_CONSTANT_CONVERSION = YES;
				CLANG_WARN_DEPRECATED_OBJC_IMPLEMENTATIONS = YES;
				CLANG_WARN_DIRECT_OBJC_ISA_USAGE = YES_ERROR;
				CLANG_WARN_DOCUMENTATION_COMMENTS = YES;
				CLANG_WARN_EMPTY_BODY = YES;
				CLANG_WARN_ENUM_CONVERSION = YES;
				CLANG_WARN_INFINITE_RECURSION = YES;
				CLANG_WARN_INT_CONVERSION = YES;
				CLANG_WARN_NON_LITERAL_NULL_CONVERSION = YES;
				CLANG_WARN_OBJC_IMPLICIT_RETAIN_SELF = YES;
				CLANG_WARN_OBJC_LITERAL_CONVERSION = YES;
				CLANG_WARN_OBJC_ROOT_CLASS = YES_ERROR;
				CLANG_WARN_RANGE_LOOP_ANALYSIS = YES;
				CLANG_WARN_STRICT_PROTOTYPES = YES;
				CLANG_WARN_SUSPICIOUS_MOVE = YES;
				CLANG_WARN_UNGUARDED_AVAILABILITY = YES_AGGRESSIVE;
				CLANG_WARN_UNREACHABLE_CODE = YES;
				CLANG_WARN__DUPLICATE_METHOD_MATCH = YES;
				COPY_PHASE_STRIP = NO;
				DEBUG_INFORMATION_FORMAT = "dwarf-with-dsym";
				ENABLE_NS_ASSERTIONS = NO;
				ENABLE_STRICT_OBJC_MSGSEND = YES;
				GCC_C_LANGUAGE_STANDARD = gnu11;
				GCC_NO_COMMON_BLOCKS = YES;
				GCC_WARN_64_TO_32_BIT_CONVERSION = YES;
				GCC_WARN_ABOUT_RETURN_TYPE = YES_ERROR;
				GCC_WARN_UNDECLARED_SELECTOR = YES;
				GCC_WARN_UNINITIALIZED_AUTOS = YES_AGGRESSIVE;
				GCC_WARN_UNUSED_FUNCTION = YES;
				GCC_WARN_UNUSED_VARIABLE = YES;
				IPHONEOS_DEPLOYMENT_TARGET = 13.5;
				MTL_ENABLE_DEBUG_INFO = NO;
				MTL_FAST_MATH = YES;
				SDKROOT = iphoneos;
				SWIFT_COMPILATION_MODE = wholemodule;
				SWIFT_OPTIMIZATION_LEVEL = "-O";
				VALIDATE_PRODUCT = YES;
			};
			name = Release;
		};
		C1BDA8E624A962140096C7D4 /* Debug */ = {
			isa = XCBuildConfiguration;
			buildSettings = {
				ASSETCATALOG_COMPILER_APPICON_NAME = AppIcon;
				CODE_SIGN_IDENTITY = "Apple Development";
				CODE_SIGN_STYLE = Automatic;
				DEVELOPMENT_ASSET_PATHS = "\"Memorize/Preview Content\"";
				DEVELOPMENT_TEAM = "";
				ENABLE_PREVIEWS = YES;
				INFOPLIST_FILE = Memorize/Info.plist;
				LD_RUNPATH_SEARCH_PATHS = (
					"$(inherited)",
					"@executable_path/Frameworks",
				);
				PRODUCT_BUNDLE_IDENTIFIER = "gn02.nguyen-gmail.com.Memorize";
				PRODUCT_NAME = "$(TARGET_NAME)";
				PROVISIONING_PROFILE_SPECIFIER = "";
				SWIFT_VERSION = 5.0;
				TARGETED_DEVICE_FAMILY = "1,2";
			};
			name = Debug;
		};
		C1BDA8E724A962140096C7D4 /* Release */ = {
			isa = XCBuildConfiguration;
			buildSettings = {
				ASSETCATALOG_COMPILER_APPICON_NAME = AppIcon;
				CODE_SIGN_IDENTITY = "Apple Development";
				CODE_SIGN_STYLE = Automatic;
				DEVELOPMENT_ASSET_PATHS = "\"Memorize/Preview Content\"";
				DEVELOPMENT_TEAM = "";
				ENABLE_PREVIEWS = YES;
				INFOPLIST_FILE = Memorize/Info.plist;
				LD_RUNPATH_SEARCH_PATHS = (
					"$(inherited)",
					"@executable_path/Frameworks",
				);
				PRODUCT_BUNDLE_IDENTIFIER = "gn02.nguyen-gmail.com.Memorize";
				PRODUCT_NAME = "$(TARGET_NAME)";
				PROVISIONING_PROFILE_SPECIFIER = "";
				SWIFT_VERSION = 5.0;
				TARGETED_DEVICE_FAMILY = "1,2";
			};
			name = Release;
		};
/* End XCBuildConfiguration section */

/* Begin XCConfigurationList section */
		C1BDA8CC24A962120096C7D4 /* Build configuration list for PBXProject "Memorize" */ = {
			isa = XCConfigurationList;
			buildConfigurations = (
				C1BDA8E324A962140096C7D4 /* Debug */,
				C1BDA8E424A962140096C7D4 /* Release */,
			);
			defaultConfigurationIsVisible = 0;
			defaultConfigurationName = Release;
		};
		C1BDA8E524A962140096C7D4 /* Build configuration list for PBXNativeTarget "Memorize" */ = {
			isa = XCConfigurationList;
			buildConfigurations = (
				C1BDA8E624A962140096C7D4 /* Debug */,
				C1BDA8E724A962140096C7D4 /* Release */,
			);
			defaultConfigurationIsVisible = 0;
			defaultConfigurationName = Release;
		};
/* End XCConfigurationList section */
	};
	rootObject = C1BDA8C924A962120096C7D4 /* Project object */;
}
