// !$*UTF8*$!
{
	archiveVersion = 1;
	classes = {
	};
	objectVersion = 50;
	objects = {

/* Begin PBXBuildFile section */
		C18AB34D24C10D0400125F56 /* Diamond.swift in Sources */ = {isa = PBXBuildFile; fileRef = C18AB34C24C10D0400125F56 /* Diamond.swift */; };
		C1FEBB6124BF9A7A008BE260 /* AppDelegate.swift in Sources */ = {isa = PBXBuildFile; fileRef = C1FEBB6024BF9A7A008BE260 /* AppDelegate.swift */; };
		C1FEBB6324BF9A7A008BE260 /* SceneDelegate.swift in Sources */ = {isa = PBXBuildFile; fileRef = C1FEBB6224BF9A7A008BE260 /* SceneDelegate.swift */; };
		C1FEBB6524BF9A7A008BE260 /* SetGameView.swift in Sources */ = {isa = PBXBuildFile; fileRef = C1FEBB6424BF9A7A008BE260 /* SetGameView.swift */; };
		C1FEBB6724BF9A7B008BE260 /* Assets.xcassets in Resources */ = {isa = PBXBuildFile; fileRef = C1FEBB6624BF9A7B008BE260 /* Assets.xcassets */; };
		C1FEBB6A24BF9A7B008BE260 /* Preview Assets.xcassets in Resources */ = {isa = PBXBuildFile; fileRef = C1FEBB6924BF9A7B008BE260 /* Preview Assets.xcassets */; };
		C1FEBB6D24BF9A7B008BE260 /* LaunchScreen.storyboard in Resources */ = {isa = PBXBuildFile; fileRef = C1FEBB6B24BF9A7B008BE260 /* LaunchScreen.storyboard */; };
		C1FEBB7524BF9AF9008BE260 /* SetGame.swift in Sources */ = {isa = PBXBuildFile; fileRef = C1FEBB7424BF9AF9008BE260 /* SetGame.swift */; };
		C1FEBB7724BFB41A008BE260 /* GridLayout.swift in Sources */ = {isa = PBXBuildFile; fileRef = C1FEBB7624BFB41A008BE260 /* GridLayout.swift */; };
		C1FEBB7B24BFBC8C008BE260 /* Grid.swift in Sources */ = {isa = PBXBuildFile; fileRef = C1FEBB7A24BFBC8C008BE260 /* Grid.swift */; };
		C1FEBB7D24BFBD07008BE260 /* Array+Identifiable.swift in Sources */ = {isa = PBXBuildFile; fileRef = C1FEBB7C24BFBD07008BE260 /* Array+Identifiable.swift */; };
		C1FEBB8324BFC27F008BE260 /* Card.swift in Sources */ = {isa = PBXBuildFile; fileRef = C1FEBB8224BFC27F008BE260 /* Card.swift */; };
/* End PBXBuildFile section */

/* Begin PBXFileReference section */
		C18AB34C24C10D0400125F56 /* Diamond.swift */ = {isa = PBXFileReference; lastKnownFileType = sourcecode.swift; path = Diamond.swift; sourceTree = "<group>"; };
		C1FEBB5D24BF9A7A008BE260 /* SetGame.app */ = {isa = PBXFileReference; explicitFileType = wrapper.application; includeInIndex = 0; path = SetGame.app; sourceTree = BUILT_PRODUCTS_DIR; };
		C1FEBB6024BF9A7A008BE260 /* AppDelegate.swift */ = {isa = PBXFileReference; lastKnownFileType = sourcecode.swift; path = AppDelegate.swift; sourceTree = "<group>"; };
		C1FEBB6224BF9A7A008BE260 /* SceneDelegate.swift */ = {isa = PBXFileReference; lastKnownFileType = sourcecode.swift; path = SceneDelegate.swift; sourceTree = "<group>"; };
		C1FEBB6424BF9A7A008BE260 /* SetGameView.swift */ = {isa = PBXFileReference; lastKnownFileType = sourcecode.swift; path = SetGameView.swift; sourceTree = "<group>"; };
		C1FEBB6624BF9A7B008BE260 /* Assets.xcassets */ = {isa = PBXFileReference; lastKnownFileType = folder.assetcatalog; path = Assets.xcassets; sourceTree = "<group>"; };
		C1FEBB6924BF9A7B008BE260 /* Preview Assets.xcassets */ = {isa = PBXFileReference; lastKnownFileType = folder.assetcatalog; path = "Preview Assets.xcassets"; sourceTree = "<group>"; };
		C1FEBB6C24BF9A7B008BE260 /* Base */ = {isa = PBXFileReference; lastKnownFileType = file.storyboard; name = Base; path = Base.lproj/LaunchScreen.storyboard; sourceTree = "<group>"; };
		C1FEBB6E24BF9A7B008BE260 /* Info.plist */ = {isa = PBXFileReference; lastKnownFileType = text.plist.xml; path = Info.plist; sourceTree = "<group>"; };
		C1FEBB7424BF9AF9008BE260 /* SetGame.swift */ = {isa = PBXFileReference; lastKnownFileType = sourcecode.swift; path = SetGame.swift; sourceTree = "<group>"; };
		C1FEBB7624BFB41A008BE260 /* GridLayout.swift */ = {isa = PBXFileReference; fileEncoding = 4; lastKnownFileType = sourcecode.swift; path = GridLayout.swift; sourceTree = "<group>"; };
		C1FEBB7A24BFBC8C008BE260 /* Grid.swift */ = {isa = PBXFileReference; fileEncoding = 4; lastKnownFileType = sourcecode.swift; path = Grid.swift; sourceTree = "<group>"; };
		C1FEBB7C24BFBD07008BE260 /* Array+Identifiable.swift */ = {isa = PBXFileReference; fileEncoding = 4; lastKnownFileType = sourcecode.swift; path = "Array+Identifiable.swift"; sourceTree = "<group>"; };
		C1FEBB8224BFC27F008BE260 /* Card.swift */ = {isa = PBXFileReference; lastKnownFileType = sourcecode.swift; path = Card.swift; sourceTree = "<group>"; };
/* End PBXFileReference section */

/* Begin PBXFrameworksBuildPhase section */
		C1FEBB5A24BF9A7A008BE260 /* Frameworks */ = {
			isa = PBXFrameworksBuildPhase;
			buildActionMask = 2147483647;
			files = (
			);
			runOnlyForDeploymentPostprocessing = 0;
		};
/* End PBXFrameworksBuildPhase section */

/* Begin PBXGroup section */
		C1FEBB5424BF9A7A008BE260 = {
			isa = PBXGroup;
			children = (
				C1FEBB5F24BF9A7A008BE260 /* SetGame */,
				C1FEBB5E24BF9A7A008BE260 /* Products */,
			);
			sourceTree = "<group>";
		};
		C1FEBB5E24BF9A7A008BE260 /* Products */ = {
			isa = PBXGroup;
			children = (
				C1FEBB5D24BF9A7A008BE260 /* SetGame.app */,
			);
			name = Products;
			sourceTree = "<group>";
		};
		C1FEBB5F24BF9A7A008BE260 /* SetGame */ = {
			isa = PBXGroup;
			children = (
				C1FEBB7624BFB41A008BE260 /* GridLayout.swift */,
				C1FEBB6024BF9A7A008BE260 /* AppDelegate.swift */,
				C1FEBB7A24BFBC8C008BE260 /* Grid.swift */,
				C1FEBB7C24BFBD07008BE260 /* Array+Identifiable.swift */,
				C1FEBB6224BF9A7A008BE260 /* SceneDelegate.swift */,
				C1FEBB6424BF9A7A008BE260 /* SetGameView.swift */,
				C1FEBB6624BF9A7B008BE260 /* Assets.xcassets */,
				C1FEBB6B24BF9A7B008BE260 /* LaunchScreen.storyboard */,
				C1FEBB6E24BF9A7B008BE260 /* Info.plist */,
				C1FEBB6824BF9A7B008BE260 /* Preview Content */,
				C1FEBB7424BF9AF9008BE260 /* SetGame.swift */,
				C1FEBB8224BFC27F008BE260 /* Card.swift */,
				C18AB34C24C10D0400125F56 /* Diamond.swift */,
			);
			path = SetGame;
			sourceTree = "<group>";
		};
		C1FEBB6824BF9A7B008BE260 /* Preview Content */ = {
			isa = PBXGroup;
			children = (
				C1FEBB6924BF9A7B008BE260 /* Preview Assets.xcassets */,
			);
			path = "Preview Content";
			sourceTree = "<group>";
		};
/* End PBXGroup section */

/* Begin PBXNativeTarget section */
		C1FEBB5C24BF9A7A008BE260 /* SetGame */ = {
			isa = PBXNativeTarget;
			buildConfigurationList = C1FEBB7124BF9A7B008BE260 /* Build configuration list for PBXNativeTarget "SetGame" */;
			buildPhases = (
				C1FEBB5924BF9A7A008BE260 /* Sources */,
				C1FEBB5A24BF9A7A008BE260 /* Frameworks */,
				C1FEBB5B24BF9A7A008BE260 /* Resources */,
			);
			buildRules = (
			);
			dependencies = (
			);
			name = SetGame;
			productName = SetGame;
			productReference = C1FEBB5D24BF9A7A008BE260 /* SetGame.app */;
			productType = "com.apple.product-type.application";
		};
/* End PBXNativeTarget section */

/* Begin PBXProject section */
		C1FEBB5524BF9A7A008BE260 /* Project object */ = {
			isa = PBXProject;
			attributes = {
				LastSwiftUpdateCheck = 1150;
				LastUpgradeCheck = 1150;
				ORGANIZATIONNAME = "Giang Nguyen";
				TargetAttributes = {
					C1FEBB5C24BF9A7A008BE260 = {
						CreatedOnToolsVersion = 11.5;
					};
				};
			};
			buildConfigurationList = C1FEBB5824BF9A7A008BE260 /* Build configuration list for PBXProject "SetGame" */;
			compatibilityVersion = "Xcode 9.3";
			developmentRegion = en;
			hasScannedForEncodings = 0;
			knownRegions = (
				en,
				Base,
			);
			mainGroup = C1FEBB5424BF9A7A008BE260;
			productRefGroup = C1FEBB5E24BF9A7A008BE260 /* Products */;
			projectDirPath = "";
			projectRoot = "";
			targets = (
				C1FEBB5C24BF9A7A008BE260 /* SetGame */,
			);
		};
/* End PBXProject section */

/* Begin PBXResourcesBuildPhase section */
		C1FEBB5B24BF9A7A008BE260 /* Resources */ = {
			isa = PBXResourcesBuildPhase;
			buildActionMask = 2147483647;
			files = (
				C1FEBB6D24BF9A7B008BE260 /* LaunchScreen.storyboard in Resources */,
				C1FEBB6A24BF9A7B008BE260 /* Preview Assets.xcassets in Resources */,
				C1FEBB6724BF9A7B008BE260 /* Assets.xcassets in Resources */,
			);
			runOnlyForDeploymentPostprocessing = 0;
		};
/* End PBXResourcesBuildPhase section */

/* Begin PBXSourcesBuildPhase section */
		C1FEBB5924BF9A7A008BE260 /* Sources */ = {
			isa = PBXSourcesBuildPhase;
			buildActionMask = 2147483647;
			files = (
				C1FEBB6124BF9A7A008BE260 /* AppDelegate.swift in Sources */,
				C1FEBB8324BFC27F008BE260 /* Card.swift in Sources */,
				C1FEBB6324BF9A7A008BE260 /* SceneDelegate.swift in Sources */,
				C1FEBB7724BFB41A008BE260 /* GridLayout.swift in Sources */,
				C1FEBB7524BF9AF9008BE260 /* SetGame.swift in Sources */,
				C1FEBB6524BF9A7A008BE260 /* SetGameView.swift in Sources */,
				C1FEBB7D24BFBD07008BE260 /* Array+Identifiable.swift in Sources */,
				C18AB34D24C10D0400125F56 /* Diamond.swift in Sources */,
				C1FEBB7B24BFBC8C008BE260 /* Grid.swift in Sources */,
			);
			runOnlyForDeploymentPostprocessing = 0;
		};
/* End PBXSourcesBuildPhase section */

/* Begin PBXVariantGroup section */
		C1FEBB6B24BF9A7B008BE260 /* LaunchScreen.storyboard */ = {
			isa = PBXVariantGroup;
			children = (
				C1FEBB6C24BF9A7B008BE260 /* Base */,
			);
			name = LaunchScreen.storyboard;
			sourceTree = "<group>";
		};
/* End PBXVariantGroup section */

/* Begin XCBuildConfiguration section */
		C1FEBB6F24BF9A7B008BE260 /* Debug */ = {
			isa = XCBuildConfiguration;
			buildSettings = {
				ALWAYS_SEARCH_USER_PATHS = NO;
				CLANG_ANALYZER_NONNULL = YES;
				CLANG_ANALYZER_NUMBER_OBJECT_CONVERSION = YES_AGGRESSIVE;
				CLANG_CXX_LANGUAGE_STANDARD = "gnu++14";
				CLANG_CXX_LIBRARY = "libc++";
				CLANG_ENABLE_MODULES = YES;
				CLANG_ENABLE_OBJC_ARC = YES;
				CLANG_ENABLE_OBJC_WEAK = YES;
				CLANG_WARN_BLOCK_CAPTURE_AUTORELEASING = YES;
				CLANG_WARN_BOOL_CONVERSION = YES;
				CLANG_WARN_COMMA = YES;
				CLANG_WARN_CONSTANT_CONVERSION = YES;
				CLANG_WARN_DEPRECATED_OBJC_IMPLEMENTATIONS = YES;
				CLANG_WARN_DIRECT_OBJC_ISA_USAGE = YES_ERROR;
				CLANG_WARN_DOCUMENTATION_COMMENTS = YES;
				CLANG_WARN_EMPTY_BODY = YES;
				CLANG_WARN_ENUM_CONVERSION = YES;
				CLANG_WARN_INFINITE_RECURSION = YES;
				CLANG_WARN_INT_CONVERSION = YES;
				CLANG_WARN_NON_LITERAL_NULL_CONVERSION = YES;
				CLANG_WARN_OBJC_IMPLICIT_RETAIN_SELF = YES;
				CLANG_WARN_OBJC_LITERAL_CONVERSION = YES;
				CLANG_WARN_OBJC_ROOT_CLASS = YES_ERROR;
				CLANG_WARN_RANGE_LOOP_ANALYSIS = YES;
				CLANG_WARN_STRICT_PROTOTYPES = YES;
				CLANG_WARN_SUSPICIOUS_MOVE = YES;
				CLANG_WARN_UNGUARDED_AVAILABILITY = YES_AGGRESSIVE;
				CLANG_WARN_UNREACHABLE_CODE = YES;
				CLANG_WARN__DUPLICATE_METHOD_MATCH = YES;
				COPY_PHASE_STRIP = NO;
				DEBUG_INFORMATION_FORMAT = dwarf;
				ENABLE_STRICT_OBJC_MSGSEND = YES;
				ENABLE_TESTABILITY = YES;
				GCC_C_LANGUAGE_STANDARD = gnu11;
				GCC_DYNAMIC_NO_PIC = NO;
				GCC_NO_COMMON_BLOCKS = YES;
				GCC_OPTIMIZATION_LEVEL = 0;
				GCC_PREPROCESSOR_DEFINITIONS = (
					"DEBUG=1",
					"$(inherited)",
				);
				GCC_WARN_64_TO_32_BIT_CONVERSION = YES;
				GCC_WARN_ABOUT_RETURN_TYPE = YES_ERROR;
				GCC_WARN_UNDECLARED_SELECTOR = YES;
				GCC_WARN_UNINITIALIZED_AUTOS = YES_AGGRESSIVE;
				GCC_WARN_UNUSED_FUNCTION = YES;
				GCC_WARN_UNUSED_VARIABLE = YES;
				IPHONEOS_DEPLOYMENT_TARGET = 13.5;
				MTL_ENABLE_DEBUG_INFO = INCLUDE_SOURCE;
				MTL_FAST_MATH = YES;
				ONLY_ACTIVE_ARCH = YES;
				SDKROOT = iphoneos;
				SWIFT_ACTIVE_COMPILATION_CONDITIONS = DEBUG;
				SWIFT_OPTIMIZATION_LEVEL = "-Onone";
			};
			name = Debug;
		};
		C1FEBB7024BF9A7B008BE260 /* Release */ = {
			isa = XCBuildConfiguration;
			buildSettings = {
				ALWAYS_SEARCH_USER_PATHS = NO;
				CLANG_ANALYZER_NONNULL = YES;
				CLANG_ANALYZER_NUMBER_OBJECT_CONVERSION = YES_AGGRESSIVE;
				CLANG_CXX_LANGUAGE_STANDARD = "gnu++14";
				CLANG_CXX_LIBRARY = "libc++";
				CLANG_ENABLE_MODULES = YES;
				CLANG_ENABLE_OBJC_ARC = YES;
				CLANG_ENABLE_OBJC_WEAK = YES;
				CLANG_WARN_BLOCK_CAPTURE_AUTORELEASING = YES;
				CLANG_WARN_BOOL_CONVERSION = YES;
				CLANG_WARN_COMMA = YES;
				CLANG_WARN_CONSTANT_CONVERSION = YES;
				CLANG_WARN_DEPRECATED_OBJC_IMPLEMENTATIONS = YES;
				CLANG_WARN_DIRECT_OBJC_ISA_USAGE = YES_ERROR;
				CLANG_WARN_DOCUMENTATION_COMMENTS = YES;
				CLANG_WARN_EMPTY_BODY = YES;
				CLANG_WARN_ENUM_CONVERSION = YES;
				CLANG_WARN_INFINITE_RECURSION = YES;
				CLANG_WARN_INT_CONVERSION = YES;
				CLANG_WARN_NON_LITERAL_NULL_CONVERSION = YES;
				CLANG_WARN_OBJC_IMPLICIT_RETAIN_SELF = YES;
				CLANG_WARN_OBJC_LITERAL_CONVERSION = YES;
				CLANG_WARN_OBJC_ROOT_CLASS = YES_ERROR;
				CLANG_WARN_RANGE_LOOP_ANALYSIS = YES;
				CLANG_WARN_STRICT_PROTOTYPES = YES;
				CLANG_WARN_SUSPICIOUS_MOVE = YES;
				CLANG_WARN_UNGUARDED_AVAILABILITY = YES_AGGRESSIVE;
				CLANG_WARN_UNREACHABLE_CODE = YES;
				CLANG_WARN__DUPLICATE_METHOD_MATCH = YES;
				COPY_PHASE_STRIP = NO;
				DEBUG_INFORMATION_FORMAT = "dwarf-with-dsym";
				ENABLE_NS_ASSERTIONS = NO;
				ENABLE_STRICT_OBJC_MSGSEND = YES;
				GCC_C_LANGUAGE_STANDARD = gnu11;
				GCC_NO_COMMON_BLOCKS = YES;
				GCC_WARN_64_TO_32_BIT_CONVERSION = YES;
				GCC_WARN_ABOUT_RETURN_TYPE = YES_ERROR;
				GCC_WARN_UNDECLARED_SELECTOR = YES;
				GCC_WARN_UNINITIALIZED_AUTOS = YES_AGGRESSIVE;
				GCC_WARN_UNUSED_FUNCTION = YES;
				GCC_WARN_UNUSED_VARIABLE = YES;
				IPHONEOS_DEPLOYMENT_TARGET = 13.5;
				MTL_ENABLE_DEBUG_INFO = NO;
				MTL_FAST_MATH = YES;
				SDKROOT = iphoneos;
				SWIFT_COMPILATION_MODE = wholemodule;
				SWIFT_OPTIMIZATION_LEVEL = "-O";
				VALIDATE_PRODUCT = YES;
			};
			name = Release;
		};
		C1FEBB7224BF9A7B008BE260 /* Debug */ = {
			isa = XCBuildConfiguration;
			buildSettings = {
				ASSETCATALOG_COMPILER_APPICON_NAME = AppIcon;
				CODE_SIGN_STYLE = Automatic;
				DEVELOPMENT_ASSET_PATHS = "\"SetGame/Preview Content\"";
				ENABLE_PREVIEWS = YES;
				INFOPLIST_FILE = SetGame/Info.plist;
				LD_RUNPATH_SEARCH_PATHS = (
					"$(inherited)",
					"@executable_path/Frameworks",
				);
				PRODUCT_BUNDLE_IDENTIFIER = "gn02.nguyen-gmail.com.SetGame";
				PRODUCT_NAME = "$(TARGET_NAME)";
				SWIFT_VERSION = 5.0;
				TARGETED_DEVICE_FAMILY = "1,2";
			};
			name = Debug;
		};
		C1FEBB7324BF9A7B008BE260 /* Release */ = {
			isa = XCBuildConfiguration;
			buildSettings = {
				ASSETCATALOG_COMPILER_APPICON_NAME = AppIcon;
				CODE_SIGN_STYLE = Automatic;
				DEVELOPMENT_ASSET_PATHS = "\"SetGame/Preview Content\"";
				ENABLE_PREVIEWS = YES;
				INFOPLIST_FILE = SetGame/Info.plist;
				LD_RUNPATH_SEARCH_PATHS = (
					"$(inherited)",
					"@executable_path/Frameworks",
				);
				PRODUCT_BUNDLE_IDENTIFIER = "gn02.nguyen-gmail.com.SetGame";
				PRODUCT_NAME = "$(TARGET_NAME)";
				SWIFT_VERSION = 5.0;
				TARGETED_DEVICE_FAMILY = "1,2";
			};
			name = Release;
		};
/* End XCBuildConfiguration section */

/* Begin XCConfigurationList section */
		C1FEBB5824BF9A7A008BE260 /* Build configuration list for PBXProject "SetGame" */ = {
			isa = XCConfigurationList;
			buildConfigurations = (
				C1FEBB6F24BF9A7B008BE260 /* Debug */,
				C1FEBB7024BF9A7B008BE260 /* Release */,
			);
			defaultConfigurationIsVisible = 0;
			defaultConfigurationName = Release;
		};
		C1FEBB7124BF9A7B008BE260 /* Build configuration list for PBXNativeTarget "SetGame" */ = {
			isa = XCConfigurationList;
			buildConfigurations = (
				C1FEBB7224BF9A7B008BE260 /* Debug */,
				C1FEBB7324BF9A7B008BE260 /* Release */,
			);
			defaultConfigurationIsVisible = 0;
			defaultConfigurationName = Release;
		};
/* End XCConfigurationList section */
	};
	rootObject = C1FEBB5524BF9A7A008BE260 /* Project object */;
}
